
Microsoft Visual Studio Solution File, Format Version 12.00
# Visual Studio Version 17
VisualStudioVersion = 17.4.33213.308
MinimumVisualStudioVersion = 10.0.40219.1
Project("{9A19103F-16F7-4668-BE54-9A1E7A4F7556}") = "RegisterAndLogin", "RegisterAndLogin\RegisterAndLogin.csproj", "{7ECF2391-F0C8-43FA-8B27-95B0AD3A43B8}"
	ProjectSection(ProjectDependencies) = postProject
		{1B46C011-D725-4735-B73B-35869EC1511B} = {1B46C011-D725-4735-B73B-35869EC1511B}
		{A582A4C8-211F-4767-B58A-5BF56714C03A} = {A582A4C8-211F-4767-B58A-5BF56714C03A}
	EndProjectSection
EndProject
Project("{9A19103F-16F7-4668-BE54-9A1E7A4F7556}") = "RegisterAndLoginAPI_BL", "RegisterAndLoginAPI_BL\RegisterAndLoginAPI_BL.csproj", "{1B46C011-D725-4735-B73B-35869EC1511B}"
	ProjectSection(ProjectDependencies) = postProject
		{A582A4C8-211F-4767-B58A-5BF56714C03A} = {A582A4C8-211F-4767-B58A-5BF56714C03A}
	EndProjectSection
EndProject
Project("{9A19103F-16F7-4668-BE54-9A1E7A4F7556}") = "RegisterAndLoginAPI_DAL", "RegisterAndLoginAPI_DAL\RegisterAndLoginAPI_DAL.csproj", "{A582A4C8-211F-4767-B58A-5BF56714C03A}"
EndProject
Global
	GlobalSection(SolutionConfigurationPlatforms) = preSolution
		Debug|Any CPU = Debug|Any CPU
		Release|Any CPU = Release|Any CPU
	EndGlobalSection
	GlobalSection(ProjectConfigurationPlatforms) = postSolution
		{7ECF2391-F0C8-43FA-8B27-95B0AD3A43B8}.Debug|Any CPU.ActiveCfg = Debug|Any CPU
		{7ECF2391-F0C8-43FA-8B27-95B0AD3A43B8}.Debug|Any CPU.Build.0 = Debug|Any CPU
		{7ECF2391-F0C8-43FA-8B27-95B0AD3A43B8}.Release|Any CPU.ActiveCfg = Release|Any CPU
		{7ECF2391-F0C8-43FA-8B27-95B0AD3A43B8}.Release|Any CPU.Build.0 = Release|Any CPU
		{1B46C011-D725-4735-B73B-35869EC1511B}.Debug|Any CPU.ActiveCfg = Debug|Any CPU
		{1B46C011-D725-4735-B73B-35869EC1511B}.Debug|Any CPU.Build.0 = Debug|Any CPU
		{1B46C011-D725-4735-B73B-35869EC1511B}.Release|Any CPU.ActiveCfg = Release|Any CPU
		{1B46C011-D725-4735-B73B-35869EC1511B}.Release|Any CPU.Build.0 = Release|Any CPU
		{A582A4C8-211F-4767-B58A-5BF56714C03A}.Debug|Any CPU.ActiveCfg = Debug|Any CPU
		{A582A4C8-211F-4767-B58A-5BF56714C03A}.Debug|Any CPU.Build.0 = Debug|Any CPU
		{A582A4C8-211F-4767-B58A-5BF56714C03A}.Release|Any CPU.ActiveCfg = Release|Any CPU
		{A582A4C8-211F-4767-B58A-5BF56714C03A}.Release|Any CPU.Build.0 = Release|Any CPU
	EndGlobalSection
	GlobalSection(SolutionProperties) = preSolution
		HideSolutionNode = FALSE
	EndGlobalSection
	GlobalSection(ExtensibilityGlobals) = postSolution
		SolutionGuid = {6C953EF2-765D-4344-AB81-3D8A929A8A3F}
	EndGlobalSection
EndGlobal
